dependencies:
- name: base
  repository: file://../base
  version: 0.1.0
- name: dashboard
  repository: https://eddycharly.github.io/tekton-helm
  version: 0.6.4
- name: pipelines
  repository: https://eddycharly.github.io/tekton-helm
  version: 0.12.0
- name: triggers
  repository: https://eddycharly.github.io/tekton-helm
  version: 0.4.0
digest: sha256:05aad71088852759d62f3b2d7c27dd9bd6c6b1a820184a3e408126b8813d170f
generated: "2021-01-08T20:01:39.275116503-05:00"
