dependencies:
- name: base
  repository: file://../base
  version: 0.1.0
- name: dashboard
  repository: https://eddycharly.github.io/tekton-helm
  version: 0.6.4
- name: pipelines
  repository: https://eddycharly.github.io/tekton-helm
  version: 0.11.5
- name: triggers
  repository: https://eddycharly.github.io/tekton-helm
  version: 0.4.0
digest: sha256:f0e5c9779f6528641354f03e28115ecfac933bc0e3f179937a6a48e4415d53bd
generated: "2020-06-03T21:10:49.515309-04:00"
