dependencies:
- name: base
  repository: file://../base
  version: 0.1.0
- name: docker-registry
  repository: https://kubernetes-charts.storage.googleapis.com/
  version: 1.9.2
digest: sha256:aba75a5a9911df44ef1ab79b16d68adde32e8152331cadce833eea2d23ef4aeb
generated: "2020-04-07T22:14:02.947826717-04:00"
