dependencies:
- name: base
  repository: file://../base
  version: 0.1.0
- name: docker-registry
  repository: https://twuni.github.io/docker-registry.helm
  version: 2.2.2
digest: sha256:06435e8c7734284d6ab4766409756b3cedfe8b79d5862b43759202d430fb0156
generated: "2026-01-17T20:48:24.939638405-05:00"
